// !$*UTF8*$!
{
	archiveVersion = 1;
	classes = {
	};
	objectVersion = 52;
	objects = {

/* Begin PBXBuildFile section */
		C9DFCE6424C183370016D428 /* AppDelegate.swift in Sources */ = {isa = PBXBuildFile; fileRef = C9DFCE6324C183370016D428 /* AppDelegate.swift */; };
		C9DFCE6624C183370016D428 /* SceneDelegate.swift in Sources */ = {isa = PBXBuildFile; fileRef = C9DFCE6524C183370016D428 /* SceneDelegate.swift */; };
		C9DFCE6824C183370016D428 /* ViewController.swift in Sources */ = {isa = PBXBuildFile; fileRef = C9DFCE6724C183370016D428 /* ViewController.swift */; };
		C9DFCE6D24C1833B0016D428 /* Assets.xcassets in Resources */ = {isa = PBXBuildFile; fileRef = C9DFCE6C24C1833B0016D428 /* Assets.xcassets */; };
		C9DFCE7024C1833B0016D428 /* LaunchScreen.storyboard in Resources */ = {isa = PBXBuildFile; fileRef = C9DFCE6E24C1833B0016D428 /* LaunchScreen.storyboard */; };
		C9DFCE7824C183910016D428 /* CoreDataStack.swift in Sources */ = {isa = PBXBuildFile; fileRef = C9DFCE7724C183910016D428 /* CoreDataStack.swift */; };
		C9DFCE7B24C184850016D428 /* SparkUI in Frameworks */ = {isa = PBXBuildFile; productRef = C9DFCE7A24C184850016D428 /* SparkUI */; };
		C9DFCE7E24C184D50016D428 /* CoreDataDemo5New.xcdatamodeld in Sources */ = {isa = PBXBuildFile; fileRef = C9DFCE7C24C184D50016D428 /* CoreDataDemo5New.xcdatamodeld */; };
		C9DFCE8024C185190016D428 /* CatCell.swift in Sources */ = {isa = PBXBuildFile; fileRef = C9DFCE7F24C185190016D428 /* CatCell.swift */; };
		C9DFCE8224C1852D0016D428 /* CatHeader.swift in Sources */ = {isa = PBXBuildFile; fileRef = C9DFCE8124C1852D0016D428 /* CatHeader.swift */; };
		C9DFCE8424C1A03A0016D428 /* CoreDataFetchedResults.swift in Sources */ = {isa = PBXBuildFile; fileRef = C9DFCE8324C1A03A0016D428 /* CoreDataFetchedResults.swift */; };
/* End PBXBuildFile section */

/* Begin PBXFileReference section */
		C9DFCE6024C183370016D428 /* CoreDataDemo5New.app */ = {isa = PBXFileReference; explicitFileType = wrapper.application; includeInIndex = 0; path = CoreDataDemo5New.app; sourceTree = BUILT_PRODUCTS_DIR; };
		C9DFCE6324C183370016D428 /* AppDelegate.swift */ = {isa = PBXFileReference; lastKnownFileType = sourcecode.swift; path = AppDelegate.swift; sourceTree = "<group>"; };
		C9DFCE6524C183370016D428 /* SceneDelegate.swift */ = {isa = PBXFileReference; lastKnownFileType = sourcecode.swift; path = SceneDelegate.swift; sourceTree = "<group>"; };
		C9DFCE6724C183370016D428 /* ViewController.swift */ = {isa = PBXFileReference; lastKnownFileType = sourcecode.swift; path = ViewController.swift; sourceTree = "<group>"; };
		C9DFCE6C24C1833B0016D428 /* Assets.xcassets */ = {isa = PBXFileReference; lastKnownFileType = folder.assetcatalog; path = Assets.xcassets; sourceTree = "<group>"; };
		C9DFCE6F24C1833B0016D428 /* Base */ = {isa = PBXFileReference; lastKnownFileType = file.storyboard; name = Base; path = Base.lproj/LaunchScreen.storyboard; sourceTree = "<group>"; };
		C9DFCE7124C1833B0016D428 /* Info.plist */ = {isa = PBXFileReference; lastKnownFileType = text.plist.xml; path = Info.plist; sourceTree = "<group>"; };
		C9DFCE7724C183910016D428 /* CoreDataStack.swift */ = {isa = PBXFileReference; lastKnownFileType = sourcecode.swift; path = CoreDataStack.swift; sourceTree = "<group>"; };
		C9DFCE7D24C184D50016D428 /* CoreDataDemo5New.xcdatamodel */ = {isa = PBXFileReference; lastKnownFileType = wrapper.xcdatamodel; path = CoreDataDemo5New.xcdatamodel; sourceTree = "<group>"; };
		C9DFCE7F24C185190016D428 /* CatCell.swift */ = {isa = PBXFileReference; lastKnownFileType = sourcecode.swift; path = CatCell.swift; sourceTree = "<group>"; };
		C9DFCE8124C1852D0016D428 /* CatHeader.swift */ = {isa = PBXFileReference; lastKnownFileType = sourcecode.swift; path = CatHeader.swift; sourceTree = "<group>"; };
		C9DFCE8324C1A03A0016D428 /* CoreDataFetchedResults.swift */ = {isa = PBXFileReference; lastKnownFileType = sourcecode.swift; path = CoreDataFetchedResults.swift; sourceTree = "<group>"; };
/* End PBXFileReference section */

/* Begin PBXFrameworksBuildPhase section */
		C9DFCE5D24C183370016D428 /* Frameworks */ = {
			isa = PBXFrameworksBuildPhase;
			buildActionMask = 2147483647;
			files = (
				C9DFCE7B24C184850016D428 /* SparkUI in Frameworks */,
			);
			runOnlyForDeploymentPostprocessing = 0;
		};
/* End PBXFrameworksBuildPhase section */

/* Begin PBXGroup section */
		C9DFCE5724C183370016D428 = {
			isa = PBXGroup;
			children = (
				C9DFCE6224C183370016D428 /* CoreDataDemo5New */,
				C9DFCE6124C183370016D428 /* Products */,
			);
			sourceTree = "<group>";
		};
		C9DFCE6124C183370016D428 /* Products */ = {
			isa = PBXGroup;
			children = (
				C9DFCE6024C183370016D428 /* CoreDataDemo5New.app */,
			);
			name = Products;
			sourceTree = "<group>";
		};
		C9DFCE6224C183370016D428 /* CoreDataDemo5New */ = {
			isa = PBXGroup;
			children = (
				C9DFCE6324C183370016D428 /* AppDelegate.swift */,
				C9DFCE6524C183370016D428 /* SceneDelegate.swift */,
				C9DFCE6724C183370016D428 /* ViewController.swift */,
				C9DFCE7F24C185190016D428 /* CatCell.swift */,
				C9DFCE8124C1852D0016D428 /* CatHeader.swift */,
				C9DFCE7724C183910016D428 /* CoreDataStack.swift */,
				C9DFCE8324C1A03A0016D428 /* CoreDataFetchedResults.swift */,
				C9DFCE6C24C1833B0016D428 /* Assets.xcassets */,
				C9DFCE6E24C1833B0016D428 /* LaunchScreen.storyboard */,
				C9DFCE7124C1833B0016D428 /* Info.plist */,
				C9DFCE7C24C184D50016D428 /* CoreDataDemo5New.xcdatamodeld */,
			);
			path = CoreDataDemo5New;
			sourceTree = "<group>";
		};
/* End PBXGroup section */

/* Begin PBXNativeTarget section */
		C9DFCE5F24C183370016D428 /* CoreDataDemo5New */ = {
			isa = PBXNativeTarget;
			buildConfigurationList = C9DFCE7424C1833B0016D428 /* Build configuration list for PBXNativeTarget "CoreDataDemo5New" */;
			buildPhases = (
				C9DFCE5C24C183370016D428 /* Sources */,
				C9DFCE5D24C183370016D428 /* Frameworks */,
				C9DFCE5E24C183370016D428 /* Resources */,
			);
			buildRules = (
			);
			dependencies = (
			);
			name = CoreDataDemo5New;
			packageProductDependencies = (
				C9DFCE7A24C184850016D428 /* SparkUI */,
			);
			productName = CoreDataDemo5New;
			productReference = C9DFCE6024C183370016D428 /* CoreDataDemo5New.app */;
			productType = "com.apple.product-type.application";
		};
/* End PBXNativeTarget section */

/* Begin PBXProject section */
		C9DFCE5824C183370016D428 /* Project object */ = {
			isa = PBXProject;
			attributes = {
				LastSwiftUpdateCheck = 1160;
				LastUpgradeCheck = 1160;
				ORGANIZATIONNAME = "Alex Nagy";
				TargetAttributes = {
					C9DFCE5F24C183370016D428 = {
						CreatedOnToolsVersion = 11.6;
					};
				};
			};
			buildConfigurationList = C9DFCE5B24C183370016D428 /* Build configuration list for PBXProject "CoreDataDemo5New" */;
			compatibilityVersion = "Xcode 9.3";
			developmentRegion = en;
			hasScannedForEncodings = 0;
			knownRegions = (
				en,
				Base,
			);
			mainGroup = C9DFCE5724C183370016D428;
			packageReferences = (
				C9DFCE7924C184850016D428 /* XCRemoteSwiftPackageReference "SparkUI" */,
			);
			productRefGroup = C9DFCE6124C183370016D428 /* Products */;
			projectDirPath = "";
			projectRoot = "";
			targets = (
				C9DFCE5F24C183370016D428 /* CoreDataDemo5New */,
			);
		};
/* End PBXProject section */

/* Begin PBXResourcesBuildPhase section */
		C9DFCE5E24C183370016D428 /* Resources */ = {
			isa = PBXResourcesBuildPhase;
			buildActionMask = 2147483647;
			files = (
				C9DFCE7024C1833B0016D428 /* LaunchScreen.storyboard in Resources */,
				C9DFCE6D24C1833B0016D428 /* Assets.xcassets in Resources */,
			);
			runOnlyForDeploymentPostprocessing = 0;
		};
/* End PBXResourcesBuildPhase section */

/* Begin PBXSourcesBuildPhase section */
		C9DFCE5C24C183370016D428 /* Sources */ = {
			isa = PBXSourcesBuildPhase;
			buildActionMask = 2147483647;
			files = (
				C9DFCE8024C185190016D428 /* CatCell.swift in Sources */,
				C9DFCE6824C183370016D428 /* ViewController.swift in Sources */,
				C9DFCE6424C183370016D428 /* AppDelegate.swift in Sources */,
				C9DFCE6624C183370016D428 /* SceneDelegate.swift in Sources */,
				C9DFCE7E24C184D50016D428 /* CoreDataDemo5New.xcdatamodeld in Sources */,
				C9DFCE8224C1852D0016D428 /* CatHeader.swift in Sources */,
				C9DFCE7824C183910016D428 /* CoreDataStack.swift in Sources */,
				C9DFCE8424C1A03A0016D428 /* CoreDataFetchedResults.swift in Sources */,
			);
			runOnlyForDeploymentPostprocessing = 0;
		};
/* End PBXSourcesBuildPhase section */

/* Begin PBXVariantGroup section */
		C9DFCE6E24C1833B0016D428 /* LaunchScreen.storyboard */ = {
			isa = PBXVariantGroup;
			children = (
				C9DFCE6F24C1833B0016D428 /* Base */,
			);
			name = LaunchScreen.storyboard;
			sourceTree = "<group>";
		};
/* End PBXVariantGroup section */

/* Begin XCBuildConfiguration section */
		C9DFCE7224C1833B0016D428 /* Debug */ = {
			isa = XCBuildConfiguration;
			buildSettings = {
				ALWAYS_SEARCH_USER_PATHS = NO;
				CLANG_ANALYZER_NONNULL = YES;
				CLANG_ANALYZER_NUMBER_OBJECT_CONVERSION = YES_AGGRESSIVE;
				CLANG_CXX_LANGUAGE_STANDARD = "gnu++14";
				CLANG_CXX_LIBRARY = "libc++";
				CLANG_ENABLE_MODULES = YES;
				CLANG_ENABLE_OBJC_ARC = YES;
				CLANG_ENABLE_OBJC_WEAK = YES;
				CLANG_WARN_BLOCK_CAPTURE_AUTORELEASING = YES;
				CLANG_WARN_BOOL_CONVERSION = YES;
				CLANG_WARN_COMMA = YES;
				CLANG_WARN_CONSTANT_CONVERSION = YES;
				CLANG_WARN_DEPRECATED_OBJC_IMPLEMENTATIONS = YES;
				CLANG_WARN_DIRECT_OBJC_ISA_USAGE = YES_ERROR;
				CLANG_WARN_DOCUMENTATION_COMMENTS = YES;
				CLANG_WARN_EMPTY_BODY = YES;
				CLANG_WARN_ENUM_CONVERSION = YES;
				CLANG_WARN_INFINITE_RECURSION = YES;
				CLANG_WARN_INT_CONVERSION = YES;
				CLANG_WARN_NON_LITERAL_NULL_CONVERSION = YES;
				CLANG_WARN_OBJC_IMPLICIT_RETAIN_SELF = YES;
				CLANG_WARN_OBJC_LITERAL_CONVERSION = YES;
				CLANG_WARN_OBJC_ROOT_CLASS = YES_ERROR;
				CLANG_WARN_RANGE_LOOP_ANALYSIS = YES;
				CLANG_WARN_STRICT_PROTOTYPES = YES;
				CLANG_WARN_SUSPICIOUS_MOVE = YES;
				CLANG_WARN_UNGUARDED_AVAILABILITY = YES_AGGRESSIVE;
				CLANG_WARN_UNREACHABLE_CODE = YES;
				CLANG_WARN__DUPLICATE_METHOD_MATCH = YES;
				COPY_PHASE_STRIP = NO;
				DEBUG_INFORMATION_FORMAT = dwarf;
				ENABLE_STRICT_OBJC_MSGSEND = YES;
				ENABLE_TESTABILITY = YES;
				GCC_C_LANGUAGE_STANDARD = gnu11;
				GCC_DYNAMIC_NO_PIC = NO;
				GCC_NO_COMMON_BLOCKS = YES;
				GCC_OPTIMIZATION_LEVEL = 0;
				GCC_PREPROCESSOR_DEFINITIONS = (
					"DEBUG=1",
					"$(inherited)",
				);
				GCC_WARN_64_TO_32_BIT_CONVERSION = YES;
				GCC_WARN_ABOUT_RETURN_TYPE = YES_ERROR;
				GCC_WARN_UNDECLARED_SELECTOR = YES;
				GCC_WARN_UNINITIALIZED_AUTOS = YES_AGGRESSIVE;
				GCC_WARN_UNUSED_FUNCTION = YES;
				GCC_WARN_UNUSED_VARIABLE = YES;
				IPHONEOS_DEPLOYMENT_TARGET = 13.6;
				MTL_ENABLE_DEBUG_INFO = INCLUDE_SOURCE;
				MTL_FAST_MATH = YES;
				ONLY_ACTIVE_ARCH = YES;
				SDKROOT = iphoneos;
				SWIFT_ACTIVE_COMPILATION_CONDITIONS = DEBUG;
				SWIFT_OPTIMIZATION_LEVEL = "-Onone";
			};
			name = Debug;
		};
		C9DFCE7324C1833B0016D428 /* Release */ = {
			isa = XCBuildConfiguration;
			buildSettings = {
				ALWAYS_SEARCH_USER_PATHS = NO;
				CLANG_ANALYZER_NONNULL = YES;
				CLANG_ANALYZER_NUMBER_OBJECT_CONVERSION = YES_AGGRESSIVE;
				CLANG_CXX_LANGUAGE_STANDARD = "gnu++14";
				CLANG_CXX_LIBRARY = "libc++";
				CLANG_ENABLE_MODULES = YES;
				CLANG_ENABLE_OBJC_ARC = YES;
				CLANG_ENABLE_OBJC_WEAK = YES;
				CLANG_WARN_BLOCK_CAPTURE_AUTORELEASING = YES;
				CLANG_WARN_BOOL_CONVERSION = YES;
				CLANG_WARN_COMMA = YES;
				CLANG_WARN_CONSTANT_CONVERSION = YES;
				CLANG_WARN_DEPRECATED_OBJC_IMPLEMENTATIONS = YES;
				CLANG_WARN_DIRECT_OBJC_ISA_USAGE = YES_ERROR;
				CLANG_WARN_DOCUMENTATION_COMMENTS = YES;
				CLANG_WARN_EMPTY_BODY = YES;
				CLANG_WARN_ENUM_CONVERSION = YES;
				CLANG_WARN_INFINITE_RECURSION = YES;
				CLANG_WARN_INT_CONVERSION = YES;
				CLANG_WARN_NON_LITERAL_NULL_CONVERSION = YES;
				CLANG_WARN_OBJC_IMPLICIT_RETAIN_SELF = YES;
				CLANG_WARN_OBJC_LITERAL_CONVERSION = YES;
				CLANG_WARN_OBJC_ROOT_CLASS = YES_ERROR;
				CLANG_WARN_RANGE_LOOP_ANALYSIS = YES;
				CLANG_WARN_STRICT_PROTOTYPES = YES;
				CLANG_WARN_SUSPICIOUS_MOVE = YES;
				CLANG_WARN_UNGUARDED_AVAILABILITY = YES_AGGRESSIVE;
				CLANG_WARN_UNREACHABLE_CODE = YES;
				CLANG_WARN__DUPLICATE_METHOD_MATCH = YES;
				COPY_PHASE_STRIP = NO;
				DEBUG_INFORMATION_FORMAT = "dwarf-with-dsym";
				ENABLE_NS_ASSERTIONS = NO;
				ENABLE_STRICT_OBJC_MSGSEND = YES;
				GCC_C_LANGUAGE_STANDARD = gnu11;
				GCC_NO_COMMON_BLOCKS = YES;
				GCC_WARN_64_TO_32_BIT_CONVERSION = YES;
				GCC_WARN_ABOUT_RETURN_TYPE = YES_ERROR;
				GCC_WARN_UNDECLARED_SELECTOR = YES;
				GCC_WARN_UNINITIALIZED_AUTOS = YES_AGGRESSIVE;
				GCC_WARN_UNUSED_FUNCTION = YES;
				GCC_WARN_UNUSED_VARIABLE = YES;
				IPHONEOS_DEPLOYMENT_TARGET = 13.6;
				MTL_ENABLE_DEBUG_INFO = NO;
				MTL_FAST_MATH = YES;
				SDKROOT = iphoneos;
				SWIFT_COMPILATION_MODE = wholemodule;
				SWIFT_OPTIMIZATION_LEVEL = "-O";
				VALIDATE_PRODUCT = YES;
			};
			name = Release;
		};
		C9DFCE7524C1833B0016D428 /* Debug */ = {
			isa = XCBuildConfiguration;
			buildSettings = {
				ASSETCATALOG_COMPILER_APPICON_NAME = AppIcon;
				CODE_SIGN_STYLE = Automatic;
				DEVELOPMENT_TEAM = R252PR8AVU;
				INFOPLIST_FILE = CoreDataDemo5New/Info.plist;
				LD_RUNPATH_SEARCH_PATHS = (
					"$(inherited)",
					"@executable_path/Frameworks",
				);
				PRODUCT_BUNDLE_IDENTIFIER = com.rebeloper.CoreDataDemo5New;
				PRODUCT_NAME = "$(TARGET_NAME)";
				SWIFT_VERSION = 5.0;
				TARGETED_DEVICE_FAMILY = "1,2";
			};
			name = Debug;
		};
		C9DFCE7624C1833B0016D428 /* Release */ = {
			isa = XCBuildConfiguration;
			buildSettings = {
				ASSETCATALOG_COMPILER_APPICON_NAME = AppIcon;
				CODE_SIGN_STYLE = Automatic;
				DEVELOPMENT_TEAM = R252PR8AVU;
				INFOPLIST_FILE = CoreDataDemo5New/Info.plist;
				LD_RUNPATH_SEARCH_PATHS = (
					"$(inherited)",
					"@executable_path/Frameworks",
				);
				PRODUCT_BUNDLE_IDENTIFIER = com.rebeloper.CoreDataDemo5New;
				PRODUCT_NAME = "$(TARGET_NAME)";
				SWIFT_VERSION = 5.0;
				TARGETED_DEVICE_FAMILY = "1,2";
			};
			name = Release;
		};
/* End XCBuildConfiguration section */

/* Begin XCConfigurationList section */
		C9DFCE5B24C183370016D428 /* Build configuration list for PBXProject "CoreDataDemo5New" */ = {
			isa = XCConfigurationList;
			buildConfigurations = (
				C9DFCE7224C1833B0016D428 /* Debug */,
				C9DFCE7324C1833B0016D428 /* Release */,
			);
			defaultConfigurationIsVisible = 0;
			defaultConfigurationName = Release;
		};
		C9DFCE7424C1833B0016D428 /* Build configuration list for PBXNativeTarget "CoreDataDemo5New" */ = {
			isa = XCConfigurationList;
			buildConfigurations = (
				C9DFCE7524C1833B0016D428 /* Debug */,
				C9DFCE7624C1833B0016D428 /* Release */,
			);
			defaultConfigurationIsVisible = 0;
			defaultConfigurationName = Release;
		};
/* End XCConfigurationList section */

/* Begin XCRemoteSwiftPackageReference section */
		C9DFCE7924C184850016D428 /* XCRemoteSwiftPackageReference "SparkUI" */ = {
			isa = XCRemoteSwiftPackageReference;
			repositoryURL = "https://github.com/rebeloper/SparkUI.git";
			requirement = {
				kind = exactVersion;
				version = 0.11.11;
			};
		};
/* End XCRemoteSwiftPackageReference section */

/* Begin XCSwiftPackageProductDependency section */
		C9DFCE7A24C184850016D428 /* SparkUI */ = {
			isa = XCSwiftPackageProductDependency;
			package = C9DFCE7924C184850016D428 /* XCRemoteSwiftPackageReference "SparkUI" */;
			productName = SparkUI;
		};
/* End XCSwiftPackageProductDependency section */

/* Begin XCVersionGroup section */
		C9DFCE7C24C184D50016D428 /* CoreDataDemo5New.xcdatamodeld */ = {
			isa = XCVersionGroup;
			children = (
				C9DFCE7D24C184D50016D428 /* CoreDataDemo5New.xcdatamodel */,
			);
			currentVersion = C9DFCE7D24C184D50016D428 /* CoreDataDemo5New.xcdatamodel */;
			path = CoreDataDemo5New.xcdatamodeld;
			sourceTree = "<group>";
			versionGroupType = wrapper.xcdatamodel;
		};
/* End XCVersionGroup section */
	};
	rootObject = C9DFCE5824C183370016D428 /* Project object */;
}
